
Microsoft Visual Studio Solution File, Format Version 12.00
# Visual Studio Version 17
VisualStudioVersion = 17.0.31903.59
MinimumVisualStudioVersion = 10.0.40219.1
Project("{FAE04EC0-301F-11D3-BF4B-00C04F79EFBC}") = "Final GP2", "Final GP2\Final GP2.csproj", "{8EBB7BCE-B5B2-4622-B828-EFE5E1926306}"
EndProject
Global
	GlobalSection(SolutionConfigurationPlatforms) = preSolution
		Debug|Any CPU = Debug|Any CPU
		Release|Any CPU = Release|Any CPU
	EndGlobalSection
	GlobalSection(SolutionProperties) = preSolution
		HideSolutionNode = FALSE
	EndGlobalSection
	GlobalSection(ProjectConfigurationPlatforms) = postSolution
		{8EBB7BCE-B5B2-4622-B828-EFE5E1926306}.Debug|Any CPU.ActiveCfg = Debug|Any CPU
		{8EBB7BCE-B5B2-4622-B828-EFE5E1926306}.Debug|Any CPU.Build.0 = Debug|Any CPU
		{8EBB7BCE-B5B2-4622-B828-EFE5E1926306}.Release|Any CPU.ActiveCfg = Release|Any CPU
		{8EBB7BCE-B5B2-4622-B828-EFE5E1926306}.Release|Any CPU.Build.0 = Release|Any CPU
	EndGlobalSection
EndGlobal
